{
    "_readme": [
        "This file locks the dependencies of your project to a known state",
        "Read more about it at https://getcomposer.org/doc/01-basic-usage.md#composer-lock-the-lock-file",
        "This file is @generated automatically"
    ],
    "content-hash": "8f29ef6c7d99ad3c8c2f02e3cb2fa87d",
    "packages": [
        {
            "name": "composer/installers",
            "version": "v1.6.0",
            "source": {
                "type": "git",
                "url": "https://github.com/composer/installers.git",
                "reference": "cfcca6b1b60bc4974324efb5783c13dca6932b5b"
            },
            "dist": {
                "type": "zip",
                "url": "https://api.github.com/repos/composer/installers/zipball/cfcca6b1b60bc4974324efb5783c13dca6932b5b",
                "reference": "cfcca6b1b60bc4974324efb5783c13dca6932b5b",
                "shasum": ""
            },
            "require": {
                "composer-plugin-api": "^1.0"
            },
            "replace": {
                "roundcube/plugin-installer": "*",
                "shama/baton": "*"
            },
            "require-dev": {
                "composer/composer": "1.0.*@dev",
                "phpunit/phpunit": "^4.8.36"
            },
            "type": "composer-plugin",
            "extra": {
                "class": "Composer\\Installers\\Plugin",
                "branch-alias": {
                    "dev-master": "1.0-dev"
                }
            },
            "autoload": {
                "psr-4": {
                    "Composer\\Installers\\": "src/Composer/Installers"
                }
            },
            "notification-url": "https://packagist.org/downloads/",
            "license": [
                "MIT"
            ],
            "authors": [
                {
                    "name": "Kyle Robinson Young",
                    "email": "kyle@dontkry.com",
                    "homepage": "https://github.com/shama"
                }
            ],
            "description": "A multi-framework Composer library installer",
            "homepage": "https://composer.github.io/installers/",
            "keywords": [
                "Craft",
                "Dolibarr",
                "Eliasis",
                "Hurad",
                "ImageCMS",
                "Kanboard",
                "Lan Management System",
                "MODX Evo",
                "Mautic",
                "Maya",
                "OXID",
                "Plentymarkets",
                "Porto",
                "RadPHP",
                "SMF",
                "Thelia",
                "WolfCMS",
                "agl",
                "aimeos",
                "annotatecms",
                "attogram",
                "bitrix",
                "cakephp",
                "chef",
                "cockpit",
                "codeigniter",
                "concrete5",
                "croogo",
                "dokuwiki",
                "drupal",
                "eZ Platform",
                "elgg",
                "expressionengine",
                "fuelphp",
                "grav",
                "installer",
                "itop",
                "joomla",
                "kohana",
                "laravel",
                "lavalite",
                "lithium",
                "magento",
                "majima",
                "mako",
                "mediawiki",
                "modulework",
                "modx",
                "moodle",
                "osclass",
                "phpbb",
                "piwik",
                "ppi",
                "puppet",
                "pxcms",
                "reindex",
                "roundcube",
                "shopware",
                "silverstripe",
                "sydes",
                "symfony",
                "typo3",
                "wordpress",
                "yawik",
                "zend",
                "zikula"
            ],
            "time": "2018-08-27T06:10:37+00:00"
        },
        {
            "name": "wpackagist-plugin/better-wp-security",
            "version": "7.4.0",
            "source": {
                "type": "svn",
                "url": "https://plugins.svn.wordpress.org/better-wp-security/",
                "reference": "tags/7.4.0"
            },
            "dist": {
                "type": "zip",
                "url": "https://downloads.wordpress.org/plugin/better-wp-security.7.4.0.zip",
                "reference": null,
                "shasum": null
            },
            "require": {
                "composer/installers": "~1.0"
            },
            "type": "wordpress-plugin",
            "homepage": "https://wordpress.org/plugins/better-wp-security/"
        },
        {
            "name": "wpackagist-plugin/classic-editor",
            "version": "1.5",
            "source": {
                "type": "svn",
                "url": "https://plugins.svn.wordpress.org/classic-editor/",
                "reference": "tags/1.5"
            },
            "dist": {
                "type": "zip",
                "url": "https://downloads.wordpress.org/plugin/classic-editor.1.5.zip",
                "reference": null,
                "shasum": null
            },
            "require": {
                "composer/installers": "~1.0"
            },
            "type": "wordpress-plugin",
            "homepage": "https://wordpress.org/plugins/classic-editor/"
        },
        {
            "name": "wpackagist-plugin/cmb2",
            "version": "2.6.0",
            "source": {
                "type": "svn",
                "url": "https://plugins.svn.wordpress.org/cmb2/",
                "reference": "trunk"
            },
            "dist": {
                "type": "zip",
                "url": "https://downloads.wordpress.org/plugin/cmb2.zip?timestamp=1548045394",
                "reference": null,
                "shasum": null
            },
            "require": {
                "composer/installers": "~1.0"
            },
            "type": "wordpress-plugin",
            "homepage": "https://wordpress.org/plugins/cmb2/"
        },
        {
            "name": "wpackagist-plugin/creative-commons-configurator-1",
            "version": "1.8.27",
            "source": {
                "type": "svn",
                "url": "https://plugins.svn.wordpress.org/creative-commons-configurator-1/",
                "reference": "tags/1.8.27"
            },
            "dist": {
                "type": "zip",
                "url": "https://downloads.wordpress.org/plugin/creative-commons-configurator-1.1.8.27.zip",
                "reference": null,
                "shasum": null
            },
            "require": {
                "composer/installers": "~1.0"
            },
            "type": "wordpress-plugin",
            "homepage": "https://wordpress.org/plugins/creative-commons-configurator-1/"
        },
        {
            "name": "wpackagist-plugin/disable-emojis",
            "version": "1.7.2",
            "source": {
                "type": "svn",
                "url": "https://plugins.svn.wordpress.org/disable-emojis/",
                "reference": "tags/1.7.2"
            },
            "dist": {
                "type": "zip",
                "url": "https://downloads.wordpress.org/plugin/disable-emojis.1.7.2.zip",
                "reference": null,
                "shasum": null
            },
            "require": {
                "composer/installers": "~1.0"
            },
            "type": "wordpress-plugin",
            "homepage": "https://wordpress.org/plugins/disable-emojis/"
        },
        {
            "name": "wpackagist-plugin/ninja-forms",
            "version": "3.4.16",
            "source": {
                "type": "svn",
                "url": "https://plugins.svn.wordpress.org/ninja-forms/",
                "reference": "tags/3.4.16"
            },
            "dist": {
                "type": "zip",
                "url": "https://downloads.wordpress.org/plugin/ninja-forms.3.4.16.zip",
                "reference": null,
                "shasum": null
            },
            "require": {
                "composer/installers": "~1.0"
            },
            "type": "wordpress-plugin",
            "homepage": "https://wordpress.org/plugins/ninja-forms/"
        },
        {
            "name": "wpackagist-plugin/query-monitor",
            "version": "3.3.6",
            "source": {
                "type": "svn",
                "url": "https://plugins.svn.wordpress.org/query-monitor/",
                "reference": "tags/3.3.6"
            },
            "dist": {
                "type": "zip",
                "url": "https://downloads.wordpress.org/plugin/query-monitor.3.3.6.zip",
                "reference": null,
                "shasum": null
            },
            "require": {
                "composer/installers": "~1.0"
            },
            "type": "wordpress-plugin",
            "homepage": "https://wordpress.org/plugins/query-monitor/"
        },
        {
            "name": "wpackagist-plugin/semantic-linkbacks",
            "version": "4.7.5",
            "source": {
                "type": "svn",
                "url": "https://plugins.svn.wordpress.org/semantic-linkbacks/",
                "reference": "tags/4.7.5"
            },
            "dist": {
                "type": "zip",
                "url": "https://downloads.wordpress.org/plugin/semantic-linkbacks.4.7.5.zip",
                "reference": null,
                "shasum": null
            },
            "require": {
                "composer/installers": "~1.0"
            },
            "type": "wordpress-plugin",
            "homepage": "https://wordpress.org/plugins/semantic-linkbacks/"
        },
        {
            "name": "wpackagist-plugin/sucuri-scanner",
            "version": "1.8.21",
            "source": {
                "type": "svn",
                "url": "https://plugins.svn.wordpress.org/sucuri-scanner/",
                "reference": "tags/1.8.21"
            },
            "dist": {
                "type": "zip",
                "url": "https://downloads.wordpress.org/plugin/sucuri-scanner.1.8.21.zip",
                "reference": null,
                "shasum": null
            },
            "require": {
                "composer/installers": "~1.0"
            },
            "type": "wordpress-plugin",
            "homepage": "https://wordpress.org/plugins/sucuri-scanner/"
        },
        {
            "name": "wpackagist-plugin/wa11y",
            "version": "1.0.2",
            "source": {
                "type": "svn",
                "url": "https://plugins.svn.wordpress.org/wa11y/",
                "reference": "tags/1.0.2"
            },
            "dist": {
                "type": "zip",
                "url": "https://downloads.wordpress.org/plugin/wa11y.1.0.2.zip",
                "reference": null,
                "shasum": null
            },
            "require": {
                "composer/installers": "~1.0"
            },
            "type": "wordpress-plugin",
            "homepage": "https://wordpress.org/plugins/wa11y/"
        },
        {
            "name": "wpackagist-plugin/webmention",
            "version": "3.8.9",
            "source": {
                "type": "svn",
                "url": "https://plugins.svn.wordpress.org/webmention/",
                "reference": "tags/3.8.9"
            },
            "dist": {
                "type": "zip",
                "url": "https://downloads.wordpress.org/plugin/webmention.3.8.9.zip",
                "reference": null,
                "shasum": null
            },
            "require": {
                "composer/installers": "~1.0"
            },
            "type": "wordpress-plugin",
            "homepage": "https://wordpress.org/plugins/webmention/"
        },
        {
            "name": "wpackagist-plugin/wordpress-seo",
            "version": "11.4",
            "source": {
                "type": "svn",
                "url": "https://plugins.svn.wordpress.org/wordpress-seo/",
                "reference": "tags/11.4"
            },
            "dist": {
                "type": "zip",
                "url": "https://downloads.wordpress.org/plugin/wordpress-seo.11.4.zip",
                "reference": null,
                "shasum": null
            },
            "require": {
                "composer/installers": "~1.0"
            },
            "type": "wordpress-plugin",
            "homepage": "https://wordpress.org/plugins/wordpress-seo/"
        },
        {
            "name": "wpackagist-plugin/wp-piwik",
            "version": "1.0.21",
            "source": {
                "type": "svn",
                "url": "https://plugins.svn.wordpress.org/wp-piwik/",
                "reference": "tags/1.0.21"
            },
            "dist": {
                "type": "zip",
                "url": "https://downloads.wordpress.org/plugin/wp-piwik.1.0.21.zip",
                "reference": null,
                "shasum": null
            },
            "require": {
                "composer/installers": "~1.0"
            },
            "type": "wordpress-plugin",
            "homepage": "https://wordpress.org/plugins/wp-piwik/"
        },
        {
            "name": "wpackagist-plugin/wp-to-twitter",
            "version": "3.3.12",
            "source": {
                "type": "svn",
                "url": "https://plugins.svn.wordpress.org/wp-to-twitter/",
                "reference": "tags/3.3.12"
            },
            "dist": {
                "type": "zip",
                "url": "https://downloads.wordpress.org/plugin/wp-to-twitter.3.3.12.zip",
                "reference": null,
                "shasum": null
            },
            "require": {
                "composer/installers": "~1.0"
            },
            "type": "wordpress-plugin",
            "homepage": "https://wordpress.org/plugins/wp-to-twitter/"
        },
        {
            "name": "wpackagist-plugin/zero-spam",
            "version": "3.1.1",
            "source": {
                "type": "svn",
                "url": "https://plugins.svn.wordpress.org/zero-spam/",
                "reference": "tags/3.1.1"
            },
            "dist": {
                "type": "zip",
                "url": "https://downloads.wordpress.org/plugin/zero-spam.3.1.1.zip",
                "reference": null,
                "shasum": null
            },
            "require": {
                "composer/installers": "~1.0"
            },
            "type": "wordpress-plugin",
            "homepage": "https://wordpress.org/plugins/zero-spam/"
        },
        {
            "name": "wpackagist-theme/blogsixteen",
            "version": "1.4.6",
            "source": {
                "type": "svn",
                "url": "https://themes.svn.wordpress.org/blogsixteen/",
                "reference": "1.4.6"
            },
            "dist": {
                "type": "zip",
                "url": "https://downloads.wordpress.org/theme/blogsixteen.1.4.6.zip",
                "reference": null,
                "shasum": null
            },
            "require": {
                "composer/installers": "~1.0"
            },
            "type": "wordpress-theme",
            "homepage": "https://wordpress.org/themes/blogsixteen/"
        }
    ],
    "packages-dev": [],
    "aliases": [],
    "minimum-stability": "stable",
    "stability-flags": [],
    "prefer-stable": false,
    "prefer-lowest": false,
    "platform": [],
    "platform-dev": []
}
